
Microsoft Visual Studio Solution File, Format Version 12.00
# Visual Studio Version 16
VisualStudioVersion = 16.0.29806.167
MinimumVisualStudioVersion = 10.0.40219.1
Project("{FAE04EC0-301F-11D3-BF4B-00C04F79EFBC}") = "ConsoleApp11", "ConsoleApp11.csproj", "{12697372-DE8B-4490-ACF6-3FC35A603A26}"
EndProject
Global
	GlobalSection(SolutionConfigurationPlatforms) = preSolution
		Debug|Any CPU = Debug|Any CPU
		Release|Any CPU = Release|Any CPU
	EndGlobalSection
	GlobalSection(ProjectConfigurationPlatforms) = postSolution
		{12697372-DE8B-4490-ACF6-3FC35A603A26}.Debug|Any CPU.ActiveCfg = Debug|Any CPU
		{12697372-DE8B-4490-ACF6-3FC35A603A26}.Debug|Any CPU.Build.0 = Debug|Any CPU
		{12697372-DE8B-4490-ACF6-3FC35A603A26}.Release|Any CPU.ActiveCfg = Release|Any CPU
		{12697372-DE8B-4490-ACF6-3FC35A603A26}.Release|Any CPU.Build.0 = Release|Any CPU
	EndGlobalSection
	GlobalSection(SolutionProperties) = preSolution
		HideSolutionNode = FALSE
	EndGlobalSection
	GlobalSection(ExtensibilityGlobals) = postSolution
		SolutionGuid = {987C9271-CE30-4CC0-8D9F-0FD1D3592C61}
	EndGlobalSection
EndGlobal
