
Microsoft Visual Studio Solution File, Format Version 12.00
# Visual Studio Version 16
VisualStudioVersion = 16.0.29806.167
MinimumVisualStudioVersion = 10.0.40219.1
Project("{FAE04EC0-301F-11D3-BF4B-00C04F79EFBC}") = "ConsoleApp10", "ConsoleApp10.csproj", "{CD19D627-F3DA-465F-BC18-80914DF41AAC}"
EndProject
Global
	GlobalSection(SolutionConfigurationPlatforms) = preSolution
		Debug|Any CPU = Debug|Any CPU
		Release|Any CPU = Release|Any CPU
	EndGlobalSection
	GlobalSection(ProjectConfigurationPlatforms) = postSolution
		{CD19D627-F3DA-465F-BC18-80914DF41AAC}.Debug|Any CPU.ActiveCfg = Debug|Any CPU
		{CD19D627-F3DA-465F-BC18-80914DF41AAC}.Debug|Any CPU.Build.0 = Debug|Any CPU
		{CD19D627-F3DA-465F-BC18-80914DF41AAC}.Release|Any CPU.ActiveCfg = Release|Any CPU
		{CD19D627-F3DA-465F-BC18-80914DF41AAC}.Release|Any CPU.Build.0 = Release|Any CPU
	EndGlobalSection
	GlobalSection(SolutionProperties) = preSolution
		HideSolutionNode = FALSE
	EndGlobalSection
	GlobalSection(ExtensibilityGlobals) = postSolution
		SolutionGuid = {23BF0A17-07DD-420B-947F-7BB31ACAD5B0}
	EndGlobalSection
EndGlobal
